
Microsoft Visual Studio Solution File, Format Version 12.00
# Visual Studio Version 16
VisualStudioVersion = 16.0.30717.126
MinimumVisualStudioVersion = 10.0.40219.1
Project("{9A19103F-16F7-4668-BE54-9A1E7A4F7556}") = "ResPublicaDashboard", "ResPublicaDashboard\ResPublicaDashboard.csproj", "{04F43198-405A-48BA-9C36-CF96AE925E2D}"
EndProject
Project("{FAE04EC0-301F-11D3-BF4B-00C04F79EFBC}") = "ResPublica.UILibrary", "ResPublica.UILibrary\ResPublica.UILibrary.csproj", "{89A1EE96-B616-4FA0-9985-5AA460ACF429}"
EndProject
Global
	GlobalSection(SolutionConfigurationPlatforms) = preSolution
		Debug|Any CPU = Debug|Any CPU
		Release|Any CPU = Release|Any CPU
	EndGlobalSection
	GlobalSection(ProjectConfigurationPlatforms) = postSolution
		{04F43198-405A-48BA-9C36-CF96AE925E2D}.Debug|Any CPU.ActiveCfg = Debug|Any CPU
		{04F43198-405A-48BA-9C36-CF96AE925E2D}.Debug|Any CPU.Build.0 = Debug|Any CPU
		{04F43198-405A-48BA-9C36-CF96AE925E2D}.Release|Any CPU.ActiveCfg = Release|Any CPU
		{04F43198-405A-48BA-9C36-CF96AE925E2D}.Release|Any CPU.Build.0 = Release|Any CPU
		{89A1EE96-B616-4FA0-9985-5AA460ACF429}.Debug|Any CPU.ActiveCfg = Debug|Any CPU
		{89A1EE96-B616-4FA0-9985-5AA460ACF429}.Debug|Any CPU.Build.0 = Debug|Any CPU
		{89A1EE96-B616-4FA0-9985-5AA460ACF429}.Release|Any CPU.ActiveCfg = Release|Any CPU
		{89A1EE96-B616-4FA0-9985-5AA460ACF429}.Release|Any CPU.Build.0 = Release|Any CPU
	EndGlobalSection
	GlobalSection(SolutionProperties) = preSolution
		HideSolutionNode = FALSE
	EndGlobalSection
	GlobalSection(ExtensibilityGlobals) = postSolution
		SolutionGuid = {3639C63A-CD20-4534-8B96-E837C53BCD45}
	EndGlobalSection
EndGlobal
